
Microsoft Visual Studio Solution File, Format Version 12.00
# Visual Studio Version 17
VisualStudioVersion = 17.6.33717.318
MinimumVisualStudioVersion = 10.0.40219.1
Project("{9A19103F-16F7-4668-BE54-9A1E7A4F7556}") = "ThreeoAPI", "ThreeoAPI\ThreeoAPI.csproj", "{86D39BB9-4688-474D-B4F9-BE5877E88DB5}"
EndProject
Project("{E53339B2-1760-4266-BCC7-CA923CBCF16C}") = "docker-compose", "docker-compose.dcproj", "{D8E5A3F9-3FD2-4AAB-A575-B4853BB9D009}"
EndProject
Global
	GlobalSection(SolutionConfigurationPlatforms) = preSolution
		Debug|Any CPU = Debug|Any CPU
		Release|Any CPU = Release|Any CPU
	EndGlobalSection
	GlobalSection(ProjectConfigurationPlatforms) = postSolution
		{86D39BB9-4688-474D-B4F9-BE5877E88DB5}.Debug|Any CPU.ActiveCfg = Debug|Any CPU
		{86D39BB9-4688-474D-B4F9-BE5877E88DB5}.Debug|Any CPU.Build.0 = Debug|Any CPU
		{86D39BB9-4688-474D-B4F9-BE5877E88DB5}.Release|Any CPU.ActiveCfg = Release|Any CPU
		{86D39BB9-4688-474D-B4F9-BE5877E88DB5}.Release|Any CPU.Build.0 = Release|Any CPU
		{D8E5A3F9-3FD2-4AAB-A575-B4853BB9D009}.Debug|Any CPU.ActiveCfg = Debug|Any CPU
		{D8E5A3F9-3FD2-4AAB-A575-B4853BB9D009}.Debug|Any CPU.Build.0 = Debug|Any CPU
		{D8E5A3F9-3FD2-4AAB-A575-B4853BB9D009}.Release|Any CPU.ActiveCfg = Release|Any CPU
		{D8E5A3F9-3FD2-4AAB-A575-B4853BB9D009}.Release|Any CPU.Build.0 = Release|Any CPU
	EndGlobalSection
	GlobalSection(SolutionProperties) = preSolution
		HideSolutionNode = FALSE
	EndGlobalSection
	GlobalSection(ExtensibilityGlobals) = postSolution
		SolutionGuid = {14EDC671-E172-4D72-BF24-E4CED7D6ADD6}
	EndGlobalSection
EndGlobal
